
Microsoft Visual Studio Solution File, Format Version 12.00
# Visual Studio Version 17
VisualStudioVersion = 17.9.34728.123
MinimumVisualStudioVersion = 10.0.40219.1
Project("{2150E333-8FDC-42A3-9474-1A3956D46DE8}") = "src", "src", "{469A6BA2-2745-49EC-8AAA-C576FD05C46D}"
EndProject
Project("{FAE04EC0-301F-11D3-BF4B-00C04F79EFBC}") = "HealthChecks.API", "src\HealthChecks.API\HealthChecks.API.csproj", "{4286B441-956E-40CB-9595-16B35FBB281A}"
EndProject
Project("{2150E333-8FDC-42A3-9474-1A3956D46DE8}") = "Tests", "Tests", "{AB37C38B-F728-47DB-84E8-C896FFBFEB42}"
EndProject
Project("{FAE04EC0-301F-11D3-BF4B-00C04F79EFBC}") = "UnitTests", "src\Tests\UnitTests\UnitTests.csproj", "{50009825-4F7D-4027-B256-23E88637BE43}"
EndProject
Global
	GlobalSection(SolutionConfigurationPlatforms) = preSolution
		Debug|Any CPU = Debug|Any CPU
		Release|Any CPU = Release|Any CPU
	EndGlobalSection
	GlobalSection(ProjectConfigurationPlatforms) = postSolution
		{4286B441-956E-40CB-9595-16B35FBB281A}.Debug|Any CPU.ActiveCfg = Debug|Any CPU
		{4286B441-956E-40CB-9595-16B35FBB281A}.Debug|Any CPU.Build.0 = Debug|Any CPU
		{4286B441-956E-40CB-9595-16B35FBB281A}.Release|Any CPU.ActiveCfg = Release|Any CPU
		{4286B441-956E-40CB-9595-16B35FBB281A}.Release|Any CPU.Build.0 = Release|Any CPU
		{50009825-4F7D-4027-B256-23E88637BE43}.Debug|Any CPU.ActiveCfg = Debug|Any CPU
		{50009825-4F7D-4027-B256-23E88637BE43}.Debug|Any CPU.Build.0 = Debug|Any CPU
		{50009825-4F7D-4027-B256-23E88637BE43}.Release|Any CPU.ActiveCfg = Release|Any CPU
		{50009825-4F7D-4027-B256-23E88637BE43}.Release|Any CPU.Build.0 = Release|Any CPU
	EndGlobalSection
	GlobalSection(SolutionProperties) = preSolution
		HideSolutionNode = FALSE
	EndGlobalSection
	GlobalSection(NestedProjects) = preSolution
		{4286B441-956E-40CB-9595-16B35FBB281A} = {469A6BA2-2745-49EC-8AAA-C576FD05C46D}
		{AB37C38B-F728-47DB-84E8-C896FFBFEB42} = {469A6BA2-2745-49EC-8AAA-C576FD05C46D}
		{50009825-4F7D-4027-B256-23E88637BE43} = {AB37C38B-F728-47DB-84E8-C896FFBFEB42}
	EndGlobalSection
	GlobalSection(ExtensibilityGlobals) = postSolution
		SolutionGuid = {DC2E4B4F-5E2F-4C16-8E70-BDF9D3167200}
	EndGlobalSection
EndGlobal
